
Microsoft Visual Studio Solution File, Format Version 12.00
# Visual Studio 14
VisualStudioVersion = 14.0.25420.1
MinimumVisualStudioVersion = 10.0.40219.1
Project("{FAE04EC0-301F-11D3-BF4B-00C04F79EFBC}") = "OrleansElasticUtils", "src\OrleansElasticUtils.csproj", "{8A54E4AA-5C5E-479D-9DEB-C56A8FBB4E25}"
EndProject
Project("{FAE04EC0-301F-11D3-BF4B-00C04F79EFBC}") = "TestSilo", "TestSilo\TestSilo.csproj", "{36BBF6EF-E2CD-453D-986F-DEBEE6178DE6}"
EndProject
Project("{FAE04EC0-301F-11D3-BF4B-00C04F79EFBC}") = "ElasticStatisticsProviderTests", "ElasticStatisticsProviderTests\ElasticStatisticsProviderTests.csproj", "{FF4A19D7-6EAE-40C5-9A4C-8013A38A3FF8}"
EndProject
Project("{FAE04EC0-301F-11D3-BF4B-00C04F79EFBC}") = "TestClient", "TestClient\TestClient\TestClient.csproj", "{E3ECAF9E-33F7-411E-9D4D-3A1DB9226C3A}"
EndProject
Global
	GlobalSection(SolutionConfigurationPlatforms) = preSolution
		Debug|Any CPU = Debug|Any CPU
		Release|Any CPU = Release|Any CPU
	EndGlobalSection
	GlobalSection(ProjectConfigurationPlatforms) = postSolution
		{8A54E4AA-5C5E-479D-9DEB-C56A8FBB4E25}.Debug|Any CPU.ActiveCfg = Debug|Any CPU
		{8A54E4AA-5C5E-479D-9DEB-C56A8FBB4E25}.Debug|Any CPU.Build.0 = Debug|Any CPU
		{8A54E4AA-5C5E-479D-9DEB-C56A8FBB4E25}.Release|Any CPU.ActiveCfg = Release|Any CPU
		{8A54E4AA-5C5E-479D-9DEB-C56A8FBB4E25}.Release|Any CPU.Build.0 = Release|Any CPU
		{36BBF6EF-E2CD-453D-986F-DEBEE6178DE6}.Debug|Any CPU.ActiveCfg = Debug|Any CPU
		{36BBF6EF-E2CD-453D-986F-DEBEE6178DE6}.Debug|Any CPU.Build.0 = Debug|Any CPU
		{36BBF6EF-E2CD-453D-986F-DEBEE6178DE6}.Release|Any CPU.ActiveCfg = Release|Any CPU
		{36BBF6EF-E2CD-453D-986F-DEBEE6178DE6}.Release|Any CPU.Build.0 = Release|Any CPU
		{FF4A19D7-6EAE-40C5-9A4C-8013A38A3FF8}.Debug|Any CPU.ActiveCfg = Debug|Any CPU
		{FF4A19D7-6EAE-40C5-9A4C-8013A38A3FF8}.Debug|Any CPU.Build.0 = Debug|Any CPU
		{FF4A19D7-6EAE-40C5-9A4C-8013A38A3FF8}.Release|Any CPU.ActiveCfg = Release|Any CPU
		{FF4A19D7-6EAE-40C5-9A4C-8013A38A3FF8}.Release|Any CPU.Build.0 = Release|Any CPU
		{E3ECAF9E-33F7-411E-9D4D-3A1DB9226C3A}.Debug|Any CPU.ActiveCfg = Debug|Any CPU
		{E3ECAF9E-33F7-411E-9D4D-3A1DB9226C3A}.Debug|Any CPU.Build.0 = Debug|Any CPU
		{E3ECAF9E-33F7-411E-9D4D-3A1DB9226C3A}.Release|Any CPU.ActiveCfg = Release|Any CPU
		{E3ECAF9E-33F7-411E-9D4D-3A1DB9226C3A}.Release|Any CPU.Build.0 = Release|Any CPU
	EndGlobalSection
	GlobalSection(SolutionProperties) = preSolution
		HideSolutionNode = FALSE
	EndGlobalSection
EndGlobal
